
Microsoft Visual Studio Solution File, Format Version 12.00
# Visual Studio Version 18
VisualStudioVersion = 18.5.11801.241 oobstable
MinimumVisualStudioVersion = 10.0.40219.1
Project("{FAE04EC0-301F-11D3-BF4B-00C04F79EFBC}") = "List_View_Form", "List_View_Form.csproj", "{57632347-CB0C-4F6D-ABF0-2B412C2CB834}"
EndProject
Global
	GlobalSection(SolutionConfigurationPlatforms) = preSolution
		Debug|Any CPU = Debug|Any CPU
		Release|Any CPU = Release|Any CPU
	EndGlobalSection
	GlobalSection(ProjectConfigurationPlatforms) = postSolution
		{57632347-CB0C-4F6D-ABF0-2B412C2CB834}.Debug|Any CPU.ActiveCfg = Debug|Any CPU
		{57632347-CB0C-4F6D-ABF0-2B412C2CB834}.Debug|Any CPU.Build.0 = Debug|Any CPU
		{57632347-CB0C-4F6D-ABF0-2B412C2CB834}.Release|Any CPU.ActiveCfg = Release|Any CPU
		{57632347-CB0C-4F6D-ABF0-2B412C2CB834}.Release|Any CPU.Build.0 = Release|Any CPU
	EndGlobalSection
	GlobalSection(SolutionProperties) = preSolution
		HideSolutionNode = FALSE
	EndGlobalSection
	GlobalSection(ExtensibilityGlobals) = postSolution
		SolutionGuid = {41D5F2A0-6894-49E6-B360-6D065976B3B8}
	EndGlobalSection
EndGlobal
